
Microsoft Visual Studio Solution File, Format Version 12.00
Project("{FAE04EC0-301F-11D3-BF4B-00C04F79EFBC}") = "Terminal", "Terminal\Terminal.csproj", "{B7FD14B4-B659-4AD3-9DF9-B06C82073DBC}"
EndProject
Project("{FAE04EC0-301F-11D3-BF4B-00C04F79EFBC}") = "Core", "Core\Core.csproj", "{4FCE55BB-EC73-47C4-88BF-9907383CB280}"
EndProject
Project("{2150E333-8FDC-42A3-9474-1A3956D46DE8}") = "Models", "Models", "{B47CB090-98B2-403E-BA1F-6A99773A8585}"
EndProject
Project("{FAE04EC0-301F-11D3-BF4B-00C04F79EFBC}") = "InternalModels", "InternalModels\InternalModels.csproj", "{F814E822-8738-4238-B62B-3AB1EFE41AB9}"
EndProject
Project("{FAE04EC0-301F-11D3-BF4B-00C04F79EFBC}") = "SharedModels", "SharedModels\SharedModels.csproj", "{984B49DC-0A86-4D94-A3A2-070875FBC80B}"
EndProject
Project("{FAE04EC0-301F-11D3-BF4B-00C04F79EFBC}") = "Routing", "Routing\Routing.csproj", "{16B56A12-6554-4133-AED9-80DB476EA66F}"
EndProject
Project("{2150E333-8FDC-42A3-9474-1A3956D46DE8}") = "CommonProjects", "CommonProjects", "{14ED4334-EA78-407F-B3D8-F22AE4877283}"
EndProject
Project("{FAE04EC0-301F-11D3-BF4B-00C04F79EFBC}") = "Common", "Common\Common.csproj", "{028DDA61-8CBE-4D20-8E5B-706115F5679E}"
EndProject
Project("{FAE04EC0-301F-11D3-BF4B-00C04F79EFBC}") = "SemanticAnalyzer", "SemanticAnalyzer\SemanticAnalyzer.csproj", "{2ED060A2-0F62-4657-90CF-0EBDF2B66A03}"
EndProject
Global
	GlobalSection(SolutionConfigurationPlatforms) = preSolution
		Debug|Any CPU = Debug|Any CPU
		Release|Any CPU = Release|Any CPU
	EndGlobalSection
	GlobalSection(ProjectConfigurationPlatforms) = postSolution
		{B7FD14B4-B659-4AD3-9DF9-B06C82073DBC}.Debug|Any CPU.ActiveCfg = Debug|Any CPU
		{B7FD14B4-B659-4AD3-9DF9-B06C82073DBC}.Debug|Any CPU.Build.0 = Debug|Any CPU
		{B7FD14B4-B659-4AD3-9DF9-B06C82073DBC}.Release|Any CPU.ActiveCfg = Release|Any CPU
		{B7FD14B4-B659-4AD3-9DF9-B06C82073DBC}.Release|Any CPU.Build.0 = Release|Any CPU
		{4FCE55BB-EC73-47C4-88BF-9907383CB280}.Debug|Any CPU.ActiveCfg = Debug|Any CPU
		{4FCE55BB-EC73-47C4-88BF-9907383CB280}.Debug|Any CPU.Build.0 = Debug|Any CPU
		{4FCE55BB-EC73-47C4-88BF-9907383CB280}.Release|Any CPU.ActiveCfg = Release|Any CPU
		{4FCE55BB-EC73-47C4-88BF-9907383CB280}.Release|Any CPU.Build.0 = Release|Any CPU
		{F814E822-8738-4238-B62B-3AB1EFE41AB9}.Debug|Any CPU.ActiveCfg = Debug|Any CPU
		{F814E822-8738-4238-B62B-3AB1EFE41AB9}.Debug|Any CPU.Build.0 = Debug|Any CPU
		{F814E822-8738-4238-B62B-3AB1EFE41AB9}.Release|Any CPU.ActiveCfg = Release|Any CPU
		{F814E822-8738-4238-B62B-3AB1EFE41AB9}.Release|Any CPU.Build.0 = Release|Any CPU
		{984B49DC-0A86-4D94-A3A2-070875FBC80B}.Debug|Any CPU.ActiveCfg = Debug|Any CPU
		{984B49DC-0A86-4D94-A3A2-070875FBC80B}.Debug|Any CPU.Build.0 = Debug|Any CPU
		{984B49DC-0A86-4D94-A3A2-070875FBC80B}.Release|Any CPU.ActiveCfg = Release|Any CPU
		{984B49DC-0A86-4D94-A3A2-070875FBC80B}.Release|Any CPU.Build.0 = Release|Any CPU
		{16B56A12-6554-4133-AED9-80DB476EA66F}.Debug|Any CPU.ActiveCfg = Debug|Any CPU
		{16B56A12-6554-4133-AED9-80DB476EA66F}.Debug|Any CPU.Build.0 = Debug|Any CPU
		{16B56A12-6554-4133-AED9-80DB476EA66F}.Release|Any CPU.ActiveCfg = Release|Any CPU
		{16B56A12-6554-4133-AED9-80DB476EA66F}.Release|Any CPU.Build.0 = Release|Any CPU
		{028DDA61-8CBE-4D20-8E5B-706115F5679E}.Debug|Any CPU.ActiveCfg = Debug|Any CPU
		{028DDA61-8CBE-4D20-8E5B-706115F5679E}.Debug|Any CPU.Build.0 = Debug|Any CPU
		{028DDA61-8CBE-4D20-8E5B-706115F5679E}.Release|Any CPU.ActiveCfg = Release|Any CPU
		{028DDA61-8CBE-4D20-8E5B-706115F5679E}.Release|Any CPU.Build.0 = Release|Any CPU
		{2ED060A2-0F62-4657-90CF-0EBDF2B66A03}.Debug|Any CPU.ActiveCfg = Debug|Any CPU
		{2ED060A2-0F62-4657-90CF-0EBDF2B66A03}.Debug|Any CPU.Build.0 = Debug|Any CPU
		{2ED060A2-0F62-4657-90CF-0EBDF2B66A03}.Release|Any CPU.ActiveCfg = Release|Any CPU
		{2ED060A2-0F62-4657-90CF-0EBDF2B66A03}.Release|Any CPU.Build.0 = Release|Any CPU
	EndGlobalSection
	GlobalSection(NestedProjects) = preSolution
		{F814E822-8738-4238-B62B-3AB1EFE41AB9} = {B47CB090-98B2-403E-BA1F-6A99773A8585}
		{984B49DC-0A86-4D94-A3A2-070875FBC80B} = {B47CB090-98B2-403E-BA1F-6A99773A8585}
		{028DDA61-8CBE-4D20-8E5B-706115F5679E} = {14ED4334-EA78-407F-B3D8-F22AE4877283}
	EndGlobalSection
EndGlobal
